
Microsoft Visual Studio Solution File, Format Version 12.00
# Visual Studio Version 16
VisualStudioVersion = 16.0.30621.155
MinimumVisualStudioVersion = 10.0.40219.1
Project("{FAE04EC0-301F-11D3-BF4B-00C04F79EFBC}") = "pg 77 VS", "pg 77 VS\pg 77 VS.csproj", "{6FD8BA38-0615-4E92-81D1-10B99039A832}"
EndProject
Global
	GlobalSection(SolutionConfigurationPlatforms) = preSolution
		Debug|Any CPU = Debug|Any CPU
		Release|Any CPU = Release|Any CPU
	EndGlobalSection
	GlobalSection(ProjectConfigurationPlatforms) = postSolution
		{6FD8BA38-0615-4E92-81D1-10B99039A832}.Debug|Any CPU.ActiveCfg = Debug|Any CPU
		{6FD8BA38-0615-4E92-81D1-10B99039A832}.Debug|Any CPU.Build.0 = Debug|Any CPU
		{6FD8BA38-0615-4E92-81D1-10B99039A832}.Release|Any CPU.ActiveCfg = Release|Any CPU
		{6FD8BA38-0615-4E92-81D1-10B99039A832}.Release|Any CPU.Build.0 = Release|Any CPU
	EndGlobalSection
	GlobalSection(SolutionProperties) = preSolution
		HideSolutionNode = FALSE
	EndGlobalSection
	GlobalSection(ExtensibilityGlobals) = postSolution
		SolutionGuid = {D239F807-FF58-4A8C-A1C3-162C84CA7AEB}
	EndGlobalSection
EndGlobal
